# Spin2Time - For Windows 10
*Spin2Time-Win10 is a Electron based Desktop-Application targeted for the Windows10 OS.*

## Additional requirements
### Database requirements
SQL-Mode must be strict on global and session level. In MySQL it would be STRICT_TRANS_TABLE.

## Build commands
### Before you start
Run npm install to get all the dependencies
```bash
npm install
```

### To start
Runs the application in production mode
```bash
npm start
```

To start and enable hot-reloading for the whole application.   
**How it works:** Webpack will be live compiling the SPA part "/project". Electron-Reload will consequently reload the BrowserWindow.
```bash
npm run serve:dev
```

Deploys the application with the properties in package.json to the plattform of the running host into a new directory called root under the root folder.  
**Note:** You need to have installed electron-packager globally to use this commmand
```bash
npm run deploy:host
```

## Creating an .exe Setup-Installer
It is recommended to use Inno Setup Wizard to get a single setup .exe file.  
After running the **npm run deploy:host** command create a folder named 'Data' and place the via electron-packager created folders there. Subsequently open the wizard add the  files and the Data Folder.  
Note: It is recommended to store in the UTF-8 with BOM encoding.

# Distribution
Spin2Time will be distributed via a single setup .exe file

# Spin2Time-Program-Suite
The Spin2Time-Program-Suite consits of the three following things:  
**Note:** Spin2Time for Desktop can be used without s2t-alexa-skill.   
- spin2time_setup.exe  
- s2t-alexa-skill  
- init_s2tdb.sql  

# Developers
Leonhard Müllauer and Tobias Pellkvist
